<Solution>
  <Project Path="CavalryFight.Core.csproj" />
  <Project Path="MalbersAnimations.csproj" />
  <Project Path="CavalryFight.Services.csproj" />
  <Project Path="CavalryFight.Tests.EditMode.csproj" />
  <Project Path="CavalryFight.Views.csproj" />
  <Project Path="MalbersAnimations.Editor.csproj" />
  <Project Path="CavalryFight.Development.csproj" />
  <Project Path="Assembly-CSharp-Editor.csproj" />
  <Project Path="P09.ModularHumanoid.csproj" />
  <Project Path="Assembly-CSharp.csproj" />
  <Project Path="CavalryFight.ViewModels.csproj" />
  <Project Path="MalbersAnimations.Cinemachine.csproj" />
  <Project Path="MalbersAnimations.InputSystem.csproj" />
  <Project Path="CavalryFight.Input.csproj" />
</Solution>
